Microsoft Visual Studio Solution File, Format Version 12.00
# Visual Studio 15
VisualStudioVersion = 15.0.26124.0
MinimumVisualStudioVersion = 15.0.26124.0
Project("{FAE04EC0-301F-11D3-BF4B-00C04F79EFBC}") = "lcore3.Client", "Client\lcore3.Client.csproj", "{9C6938B9-ECA4-48E2-80E4-3BC7E6491BF8}"
EndProject
Project("{FAE04EC0-301F-11D3-BF4B-00C04F79EFBC}") = "lcore3.Server", "Server\lcore3.Server.csproj", "{308872A6-594E-47FB-8785-82E023946C91}"
EndProject
Global
	GlobalSection(SolutionConfigurationPlatforms) = preSolution
		Debug|Any CPU = Debug|Any CPU
		Release|Any CPU = Release|Any CPU
	EndGlobalSection
	GlobalSection(SolutionProperties) = preSolution
		HideSolutionNode = FALSE
	EndGlobalSection
	GlobalSection(ProjectConfigurationPlatforms) = postSolution
		{9C6938B9-ECA4-48E2-80E4-3BC7E6491BF8}.Debug|Any CPU.ActiveCfg = Debug|Any CPU
		{9C6938B9-ECA4-48E2-80E4-3BC7E6491BF8}.Debug|Any CPU.Build.0 = Debug|Any CPU
		{9C6938B9-ECA4-48E2-80E4-3BC7E6491BF8}.Release|Any CPU.ActiveCfg = Release|Any CPU
		{9C6938B9-ECA4-48E2-80E4-3BC7E6491BF8}.Release|Any CPU.Build.0 = Release|Any CPU
		{308872A6-594E-47FB-8785-82E023946C91}.Debug|Any CPU.ActiveCfg = Debug|Any CPU
		{308872A6-594E-47FB-8785-82E023946C91}.Debug|Any CPU.Build.0 = Debug|Any CPU
		{308872A6-594E-47FB-8785-82E023946C91}.Release|Any CPU.ActiveCfg = Release|Any CPU
		{308872A6-594E-47FB-8785-82E023946C91}.Release|Any CPU.Build.0 = Release|Any CPU
	EndGlobalSection
EndGlobal
